
Microsoft Visual Studio Solution File, Format Version 12.00
# Visual Studio Version 17
VisualStudioVersion = 17.0.31903.59
MinimumVisualStudioVersion = 10.0.40219.1
Project("{2150E333-8FDC-42A3-9474-1A3956D46DE8}") = "src", "src", "{52753949-5F2E-4B6E-8F84-92972542265A}"
EndProject
Project("{2150E333-8FDC-42A3-9474-1A3956D46DE8}") = "services", "services", "{8D40494B-5D6A-43D4-A75B-3D0684C6BF3F}"
EndProject
Project("{2150E333-8FDC-42A3-9474-1A3956D46DE8}") = "station-service", "station-service", "{51102458-C6E6-40AC-8D70-DFC546708A78}"
EndProject
Project("{2150E333-8FDC-42A3-9474-1A3956D46DE8}") = "Api", "Api", "{50C9A397-E4C8-4896-A46F-457286F8A7BF}"
EndProject
Project("{FAE04EC0-301F-11D3-BF4B-00C04F79EFBC}") = "Ev.Station.Api", "src\services\station-service\Api\Ev.Station.Api\Ev.Station.Api.csproj", "{83290F01-93DE-4A77-A49E-F8AB7CC6B80E}"
EndProject
Project("{2150E333-8FDC-42A3-9474-1A3956D46DE8}") = "Application", "Application", "{4DA9D936-1246-4C55-AF2B-3C0D4000C9C3}"
EndProject
Project("{FAE04EC0-301F-11D3-BF4B-00C04F79EFBC}") = "Ev.Station.Application", "src\services\station-service\Application\Ev.Station.Application\Ev.Station.Application.csproj", "{82B9AD94-3A03-4ECD-B991-C00A4F73D084}"
EndProject
Project("{2150E333-8FDC-42A3-9474-1A3956D46DE8}") = "Domain", "Domain", "{3EAF23F3-058F-4665-AA30-46641B8CAFF3}"
EndProject
Project("{FAE04EC0-301F-11D3-BF4B-00C04F79EFBC}") = "Ev.Station.Domain", "src\services\station-service\Domain\Ev.Station.Domain\Ev.Station.Domain.csproj", "{00B5753F-7BF2-4453-A96B-40D2E26D6D7F}"
EndProject
Project("{2150E333-8FDC-42A3-9474-1A3956D46DE8}") = "Infrastructure", "Infrastructure", "{4648FDEB-1532-43E2-83F4-06BD09A02BB0}"
EndProject
Project("{FAE04EC0-301F-11D3-BF4B-00C04F79EFBC}") = "Ev.Station.Infrastructure", "src\services\station-service\Infrastructure\Ev.Station.Infrastructure\Ev.Station.Infrastructure.csproj", "{244E69AC-AD48-4FA8-AAC9-289CBD5E6BE0}"
EndProject
Project("{2150E333-8FDC-42A3-9474-1A3956D46DE8}") = "reservation-service", "reservation-service", "{963494FF-B2A1-443F-BB6D-605CF689F18B}"
EndProject
Project("{2150E333-8FDC-42A3-9474-1A3956D46DE8}") = "Api", "Api", "{1C166A38-30B2-4656-B6B4-8AFF158F5A17}"
EndProject
Project("{FAE04EC0-301F-11D3-BF4B-00C04F79EFBC}") = "Ev.Reservation.Api", "src\services\reservation-service\Api\Ev.Reservation.Api\Ev.Reservation.Api.csproj", "{C1B9CDC2-E1E5-4C1C-B748-3BA9DEAD79D1}"
EndProject
Project("{2150E333-8FDC-42A3-9474-1A3956D46DE8}") = "Application", "Application", "{7A2276FD-1E16-4832-8302-544A68E35AB7}"
EndProject
Project("{FAE04EC0-301F-11D3-BF4B-00C04F79EFBC}") = "Ev.Reservation.Application", "src\services\reservation-service\Application\Ev.Reservation.Application\Ev.Reservation.Application.csproj", "{18031001-F8C4-496A-8B59-A0CE7832394D}"
EndProject
Project("{2150E333-8FDC-42A3-9474-1A3956D46DE8}") = "Domain", "Domain", "{ECC1A47A-326F-4A80-BA1A-3E3CA4B2AAC8}"
EndProject
Project("{FAE04EC0-301F-11D3-BF4B-00C04F79EFBC}") = "Ev.Reservation.Domain", "src\services\reservation-service\Domain\Ev.Reservation.Domain\Ev.Reservation.Domain.csproj", "{37A21F79-DC63-413F-8D97-6B5C560AC615}"
EndProject
Project("{2150E333-8FDC-42A3-9474-1A3956D46DE8}") = "Infrastructure", "Infrastructure", "{5C48D395-F90D-4364-9206-05898E1E2314}"
EndProject
Project("{FAE04EC0-301F-11D3-BF4B-00C04F79EFBC}") = "Ev.Reservation.Infrastructure", "src\services\reservation-service\Infrastructure\Ev.Reservation.Infrastructure\Ev.Reservation.Infrastructure.csproj", "{22A122C5-FB0D-4E46-A756-9B9B053BF7B9}"
EndProject
Project("{2150E333-8FDC-42A3-9474-1A3956D46DE8}") = "auth-service", "auth-service", "{2D8FF747-3953-4D4A-B48D-008CF3A43C0D}"
EndProject
Project("{2150E333-8FDC-42A3-9474-1A3956D46DE8}") = "Api", "Api", "{3A5B89ED-0D7E-4E33-9845-B655D7D5DDB6}"
EndProject
Project("{FAE04EC0-301F-11D3-BF4B-00C04F79EFBC}") = "Ev.Auth.Api", "src\services\auth-service\Api\Ev.Auth.Api\Ev.Auth.Api.csproj", "{14961777-55A7-4E7D-B413-82F4F1F92D35}"
EndProject
Project("{2150E333-8FDC-42A3-9474-1A3956D46DE8}") = "Application", "Application", "{0C5B6547-02F1-471A-B30A-A1C285FB18AF}"
EndProject
Project("{FAE04EC0-301F-11D3-BF4B-00C04F79EFBC}") = "Ev.Auth.Application", "src\services\auth-service\Application\Ev.Auth.Application\Ev.Auth.Application.csproj", "{328376FA-774E-468F-ADF1-05B69B1EE3C7}"
EndProject
Project("{2150E333-8FDC-42A3-9474-1A3956D46DE8}") = "Domain", "Domain", "{871AD3E1-CA64-4B18-8B24-3C160345CFB6}"
EndProject
Project("{FAE04EC0-301F-11D3-BF4B-00C04F79EFBC}") = "Ev.Auth.Domain", "src\services\auth-service\Domain\Ev.Auth.Domain\Ev.Auth.Domain.csproj", "{67AB204A-C951-4672-9D4E-430079636875}"
EndProject
Project("{2150E333-8FDC-42A3-9474-1A3956D46DE8}") = "Infrastructure", "Infrastructure", "{362DA3E3-4EBC-44E4-A653-755A47280AD4}"
EndProject
Project("{FAE04EC0-301F-11D3-BF4B-00C04F79EFBC}") = "Ev.Auth.Infrastructure", "src\services\auth-service\Infrastructure\Ev.Auth.Infrastructure\Ev.Auth.Infrastructure.csproj", "{B83157FE-C153-4DFA-9872-61A077731A32}"
EndProject
Project("{2150E333-8FDC-42A3-9474-1A3956D46DE8}") = "notification-service", "notification-service", "{828AF0D9-31C6-459C-8142-D5FE08E2321F}"
EndProject
Project("{FAE04EC0-301F-11D3-BF4B-00C04F79EFBC}") = "Ev.Notification.Api", "src\services\notification-service\Api\Ev.Notification.Api.csproj", "{9A1F36C4-2FAC-486B-B960-B2222BC768AA}"
EndProject
Project("{FAE04EC0-301F-11D3-BF4B-00C04F79EFBC}") = "Ev.Notification.Application", "src\services\notification-service\Application\Ev.Notification.Application.csproj", "{1C06383C-A0E1-440E-8D9C-C594BF66FB4C}"
EndProject
Project("{FAE04EC0-301F-11D3-BF4B-00C04F79EFBC}") = "Ev.Notification.Infrastructure", "src\services\notification-service\Infrastructure\Ev.Notification.Infrastructure.csproj", "{4A0DFD24-32BF-4D72-96DA-FD1D50EE9959}"
EndProject
Project("{FAE04EC0-301F-11D3-BF4B-00C04F79EFBC}") = "Ev.Notification.Domain", "src\services\notification-service\Domain\Ev.Notification.Domain.csproj", "{9C36535F-3276-439F-84CE-D133C03A5AFC}"
EndProject
Project("{2150E333-8FDC-42A3-9474-1A3956D46DE8}") = "pricing-service", "pricing-service", "{32C63C52-BC36-46E0-A8E3-72A743773A5D}"
EndProject
Project("{FAE04EC0-301F-11D3-BF4B-00C04F79EFBC}") = "Ev.Pricing.Api", "src\services\pricing-service\Api\Ev.Pricing.Api.csproj", "{08326591-7F9B-45D8-8B28-64497B09A9A3}"
EndProject
Project("{FAE04EC0-301F-11D3-BF4B-00C04F79EFBC}") = "Ev.Pricing.Application", "src\services\pricing-service\Application\Ev.Pricing.Application.csproj", "{77DA1B1D-1E8A-428C-9FB2-23E646AFAAD9}"
EndProject
Project("{FAE04EC0-301F-11D3-BF4B-00C04F79EFBC}") = "Ev.Pricing.Infrastructure", "src\services\pricing-service\Infrastructure\Ev.Pricing.Infrastructure.csproj", "{E5DD8B12-E079-4645-BD05-0576B168C65A}"
EndProject
Project("{FAE04EC0-301F-11D3-BF4B-00C04F79EFBC}") = "Ev.Pricing.Domain", "src\services\pricing-service\Domain\Ev.Pricing.Domain.csproj", "{9235964E-C6A8-4ACE-9876-6E3B752A673E}"
EndProject
Project("{2150E333-8FDC-42A3-9474-1A3956D46DE8}") = "billing-service", "billing-service", "{91F12A52-1499-4677-8410-A298CA5AB343}"
EndProject
Project("{FAE04EC0-301F-11D3-BF4B-00C04F79EFBC}") = "Ev.Billing.Api", "src\services\billing-service\Api\Ev.Billing.Api.csproj", "{7A5B6269-DE3B-4B00-95AD-82995FB0BFEA}"
EndProject
Project("{FAE04EC0-301F-11D3-BF4B-00C04F79EFBC}") = "Ev.Billing.Application", "src\services\billing-service\Application\Ev.Billing.Application.csproj", "{7CABED69-019D-4EE0-89F9-771EBE459101}"
EndProject
Project("{FAE04EC0-301F-11D3-BF4B-00C04F79EFBC}") = "Ev.Billing.Infrastructure", "src\services\billing-service\Infrastructure\Ev.Billing.Infrastructure.csproj", "{1C0FCA87-15FA-4081-BC61-1603E11DE742}"
EndProject
Project("{FAE04EC0-301F-11D3-BF4B-00C04F79EFBC}") = "Ev.Billing.Domain", "src\services\billing-service\Domain\Ev.Billing.Domain.csproj", "{B2015CA5-166B-422D-BC02-7E689EA74FBE}"
EndProject
Project("{2150E333-8FDC-42A3-9474-1A3956D46DE8}") = "reporting-service", "reporting-service", "{24B11234-5AF1-41F3-B0D6-B1011E2A8326}"
EndProject
Project("{FAE04EC0-301F-11D3-BF4B-00C04F79EFBC}") = "Ev.Reporting.Api", "src\services\reporting-service\Api\Ev.Reporting.Api.csproj", "{F35C7B46-44E8-4DBA-9B00-CA39F9052011}"
EndProject
Project("{FAE04EC0-301F-11D3-BF4B-00C04F79EFBC}") = "Ev.Reporting.Application", "src\services\reporting-service\Application\Ev.Reporting.Application.csproj", "{9415F04F-9559-4077-AE64-7B51DAA31082}"
EndProject
Project("{FAE04EC0-301F-11D3-BF4B-00C04F79EFBC}") = "Ev.Reporting.Infrastructure", "src\services\reporting-service\Infrastructure\Ev.Reporting.Infrastructure.csproj", "{A0649589-9A4B-4403-9D55-D1ABF71AEFF2}"
EndProject
Project("{FAE04EC0-301F-11D3-BF4B-00C04F79EFBC}") = "Ev.Reporting.Domain", "src\services\reporting-service\Domain\Ev.Reporting.Domain.csproj", "{5FE2F18F-7981-44AB-8238-13C3E61658D5}"
EndProject
Project("{2150E333-8FDC-42A3-9474-1A3956D46DE8}") = "user-service", "user-service", "{693473CE-6A03-415C-936F-0C3F4A7D44A5}"
EndProject
Project("{FAE04EC0-301F-11D3-BF4B-00C04F79EFBC}") = "Ev.User.Api", "src\services\user-service\Api\Ev.User.Api.csproj", "{7D97FF22-09BA-473C-A8B1-5DF8743C84A7}"
EndProject
Project("{FAE04EC0-301F-11D3-BF4B-00C04F79EFBC}") = "Ev.User.Application", "src\services\user-service\Application\Ev.User.Application.csproj", "{53DF8D4C-70A4-4F64-A941-6805A342C613}"
EndProject
Project("{FAE04EC0-301F-11D3-BF4B-00C04F79EFBC}") = "Ev.User.Infrastructure", "src\services\user-service\Infrastructure\Ev.User.Infrastructure.csproj", "{E76CF3F3-0262-480D-B519-C1D5FC706876}"
EndProject
Project("{FAE04EC0-301F-11D3-BF4B-00C04F79EFBC}") = "Ev.User.Domain", "src\services\user-service\Domain\Ev.User.Domain.csproj", "{3CBAB2F5-87A8-4301-872D-08933C753F7C}"
EndProject
Project("{2150E333-8FDC-42A3-9474-1A3956D46DE8}") = "telemetry-service", "telemetry-service", "{DA4D3F00-5AEA-48F6-A77F-2959DE972091}"
EndProject
Project("{FAE04EC0-301F-11D3-BF4B-00C04F79EFBC}") = "Ev.Telemetry.Api", "src\services\telemetry-service\Api\Ev.Telemetry.Api.csproj", "{27B5A2ED-7470-401C-B88F-8FDCAE47A437}"
EndProject
Project("{FAE04EC0-301F-11D3-BF4B-00C04F79EFBC}") = "Ev.Telemetry.Application", "src\services\telemetry-service\Application\Ev.Telemetry.Application.csproj", "{C44CA620-AB50-4042-A652-0EA66CDA2307}"
EndProject
Project("{FAE04EC0-301F-11D3-BF4B-00C04F79EFBC}") = "Ev.Telemetry.Infrastructure", "src\services\telemetry-service\Infrastructure\Ev.Telemetry.Infrastructure.csproj", "{2800F0AB-EB01-4D19-9381-DF5EE2D482EA}"
EndProject
Project("{FAE04EC0-301F-11D3-BF4B-00C04F79EFBC}") = "Ev.Telemetry.Domain", "src\services\telemetry-service\Domain\Ev.Telemetry.Domain.csproj", "{55793549-B048-48C6-9E44-13622CEC0925}"
EndProject
Project("{2150E333-8FDC-42A3-9474-1A3956D46DE8}") = "gateway", "gateway", "{DC0F70B1-0499-46FA-99D0-D46E402ECE65}"
EndProject
Project("{FAE04EC0-301F-11D3-BF4B-00C04F79EFBC}") = "Ev.Gateway.Api", "src\services\gateway\Api\Ev.Gateway.Api.csproj", "{E30878BD-7F7D-4CD1-AAE8-725AD5A6F6B7}"
EndProject
Project("{FAE04EC0-301F-11D3-BF4B-00C04F79EFBC}") = "Ev.Gateway.Application", "src\services\gateway\Application\Ev.Gateway.Application.csproj", "{CFFF2B44-19CB-4871-BF92-787715FE6954}"
EndProject
Project("{FAE04EC0-301F-11D3-BF4B-00C04F79EFBC}") = "Ev.Gateway.Infrastructure", "src\services\gateway\Infrastructure\Ev.Gateway.Infrastructure.csproj", "{8F2EEDAA-F361-4ACB-B2D6-3C593F3BDA88}"
EndProject
Project("{FAE04EC0-301F-11D3-BF4B-00C04F79EFBC}") = "Ev.Gateway.Domain", "src\services\gateway\Domain\Ev.Gateway.Domain.csproj", "{A3E0748E-3898-43A7-ABB7-DCD01AB724E9}"
EndProject
Project("{2150E333-8FDC-42A3-9474-1A3956D46DE8}") = "shared", "shared", "{70868198-E145-49A1-8F54-5387D695A22F}"
EndProject
Project("{FAE04EC0-301F-11D3-BF4B-00C04F79EFBC}") = "Ev.Shared.Messaging", "src\shared\Ev.Shared.Messaging\Ev.Shared.Messaging.csproj", "{7E7CE3B8-7D79-4FA8-8A55-8D21FABFB4F8}"
EndProject
Project("{2150E333-8FDC-42A3-9474-1A3956D46DE8}") = "adminconfig-service", "adminconfig-service", "{0FEF363E-106D-4EAF-8181-D50F3A226E46}"
EndProject
Project("{FAE04EC0-301F-11D3-BF4B-00C04F79EFBC}") = "Ev.AdminConfig.Domain", "src\services\adminconfig-service\Domain\Ev.AdminConfig.Domain.csproj", "{B05CEDAB-5598-4081-9F70-C58C8B9E66B6}"
EndProject
Project("{FAE04EC0-301F-11D3-BF4B-00C04F79EFBC}") = "Ev.AdminConfig.Application", "src\services\adminconfig-service\Application\Ev.AdminConfig.Application.csproj", "{2710DF41-AC4A-4D73-A037-4D39A67B6DA8}"
EndProject
Project("{FAE04EC0-301F-11D3-BF4B-00C04F79EFBC}") = "Ev.AdminConfig.Infrastructure", "src\services\adminconfig-service\Infrastructure\Ev.AdminConfig.Infrastructure.csproj", "{C337D16A-DAD9-4267-A85B-DF9BA94E3FF0}"
EndProject
Project("{FAE04EC0-301F-11D3-BF4B-00C04F79EFBC}") = "Ev.AdminConfig.Api", "src\services\adminconfig-service\Api\Ev.AdminConfig.Api.csproj", "{83C51BF1-9329-4729-9570-42807CAD0DC4}"
EndProject
Global
	GlobalSection(SolutionConfigurationPlatforms) = preSolution
		Debug|Any CPU = Debug|Any CPU
		Release|Any CPU = Release|Any CPU
	EndGlobalSection
	GlobalSection(SolutionProperties) = preSolution
		HideSolutionNode = FALSE
	EndGlobalSection
	GlobalSection(ProjectConfigurationPlatforms) = postSolution
		{83290F01-93DE-4A77-A49E-F8AB7CC6B80E}.Debug|Any CPU.ActiveCfg = Debug|Any CPU
		{83290F01-93DE-4A77-A49E-F8AB7CC6B80E}.Debug|Any CPU.Build.0 = Debug|Any CPU
		{83290F01-93DE-4A77-A49E-F8AB7CC6B80E}.Release|Any CPU.ActiveCfg = Release|Any CPU
		{83290F01-93DE-4A77-A49E-F8AB7CC6B80E}.Release|Any CPU.Build.0 = Release|Any CPU
		{82B9AD94-3A03-4ECD-B991-C00A4F73D084}.Debug|Any CPU.ActiveCfg = Debug|Any CPU
		{82B9AD94-3A03-4ECD-B991-C00A4F73D084}.Debug|Any CPU.Build.0 = Debug|Any CPU
		{82B9AD94-3A03-4ECD-B991-C00A4F73D084}.Release|Any CPU.ActiveCfg = Release|Any CPU
		{82B9AD94-3A03-4ECD-B991-C00A4F73D084}.Release|Any CPU.Build.0 = Release|Any CPU
		{00B5753F-7BF2-4453-A96B-40D2E26D6D7F}.Debug|Any CPU.ActiveCfg = Debug|Any CPU
		{00B5753F-7BF2-4453-A96B-40D2E26D6D7F}.Debug|Any CPU.Build.0 = Debug|Any CPU
		{00B5753F-7BF2-4453-A96B-40D2E26D6D7F}.Release|Any CPU.ActiveCfg = Release|Any CPU
		{00B5753F-7BF2-4453-A96B-40D2E26D6D7F}.Release|Any CPU.Build.0 = Release|Any CPU
		{244E69AC-AD48-4FA8-AAC9-289CBD5E6BE0}.Debug|Any CPU.ActiveCfg = Debug|Any CPU
		{244E69AC-AD48-4FA8-AAC9-289CBD5E6BE0}.Debug|Any CPU.Build.0 = Debug|Any CPU
		{244E69AC-AD48-4FA8-AAC9-289CBD5E6BE0}.Release|Any CPU.ActiveCfg = Release|Any CPU
		{244E69AC-AD48-4FA8-AAC9-289CBD5E6BE0}.Release|Any CPU.Build.0 = Release|Any CPU
		{C1B9CDC2-E1E5-4C1C-B748-3BA9DEAD79D1}.Debug|Any CPU.ActiveCfg = Debug|Any CPU
		{C1B9CDC2-E1E5-4C1C-B748-3BA9DEAD79D1}.Debug|Any CPU.Build.0 = Debug|Any CPU
		{C1B9CDC2-E1E5-4C1C-B748-3BA9DEAD79D1}.Release|Any CPU.ActiveCfg = Release|Any CPU
		{C1B9CDC2-E1E5-4C1C-B748-3BA9DEAD79D1}.Release|Any CPU.Build.0 = Release|Any CPU
		{18031001-F8C4-496A-8B59-A0CE7832394D}.Debug|Any CPU.ActiveCfg = Debug|Any CPU
		{18031001-F8C4-496A-8B59-A0CE7832394D}.Debug|Any CPU.Build.0 = Debug|Any CPU
		{18031001-F8C4-496A-8B59-A0CE7832394D}.Release|Any CPU.ActiveCfg = Release|Any CPU
		{18031001-F8C4-496A-8B59-A0CE7832394D}.Release|Any CPU.Build.0 = Release|Any CPU
		{37A21F79-DC63-413F-8D97-6B5C560AC615}.Debug|Any CPU.ActiveCfg = Debug|Any CPU
		{37A21F79-DC63-413F-8D97-6B5C560AC615}.Debug|Any CPU.Build.0 = Debug|Any CPU
		{37A21F79-DC63-413F-8D97-6B5C560AC615}.Release|Any CPU.ActiveCfg = Release|Any CPU
		{37A21F79-DC63-413F-8D97-6B5C560AC615}.Release|Any CPU.Build.0 = Release|Any CPU
		{22A122C5-FB0D-4E46-A756-9B9B053BF7B9}.Debug|Any CPU.ActiveCfg = Debug|Any CPU
		{22A122C5-FB0D-4E46-A756-9B9B053BF7B9}.Debug|Any CPU.Build.0 = Debug|Any CPU
		{22A122C5-FB0D-4E46-A756-9B9B053BF7B9}.Release|Any CPU.ActiveCfg = Release|Any CPU
		{22A122C5-FB0D-4E46-A756-9B9B053BF7B9}.Release|Any CPU.Build.0 = Release|Any CPU
		{14961777-55A7-4E7D-B413-82F4F1F92D35}.Debug|Any CPU.ActiveCfg = Debug|Any CPU
		{14961777-55A7-4E7D-B413-82F4F1F92D35}.Debug|Any CPU.Build.0 = Debug|Any CPU
		{14961777-55A7-4E7D-B413-82F4F1F92D35}.Release|Any CPU.ActiveCfg = Release|Any CPU
		{14961777-55A7-4E7D-B413-82F4F1F92D35}.Release|Any CPU.Build.0 = Release|Any CPU
		{328376FA-774E-468F-ADF1-05B69B1EE3C7}.Debug|Any CPU.ActiveCfg = Debug|Any CPU
		{328376FA-774E-468F-ADF1-05B69B1EE3C7}.Debug|Any CPU.Build.0 = Debug|Any CPU
		{328376FA-774E-468F-ADF1-05B69B1EE3C7}.Release|Any CPU.ActiveCfg = Release|Any CPU
		{328376FA-774E-468F-ADF1-05B69B1EE3C7}.Release|Any CPU.Build.0 = Release|Any CPU
		{67AB204A-C951-4672-9D4E-430079636875}.Debug|Any CPU.ActiveCfg = Debug|Any CPU
		{67AB204A-C951-4672-9D4E-430079636875}.Debug|Any CPU.Build.0 = Debug|Any CPU
		{67AB204A-C951-4672-9D4E-430079636875}.Release|Any CPU.ActiveCfg = Release|Any CPU
		{67AB204A-C951-4672-9D4E-430079636875}.Release|Any CPU.Build.0 = Release|Any CPU
		{B83157FE-C153-4DFA-9872-61A077731A32}.Debug|Any CPU.ActiveCfg = Debug|Any CPU
		{B83157FE-C153-4DFA-9872-61A077731A32}.Debug|Any CPU.Build.0 = Debug|Any CPU
		{B83157FE-C153-4DFA-9872-61A077731A32}.Release|Any CPU.ActiveCfg = Release|Any CPU
		{B83157FE-C153-4DFA-9872-61A077731A32}.Release|Any CPU.Build.0 = Release|Any CPU
		{9A1F36C4-2FAC-486B-B960-B2222BC768AA}.Debug|Any CPU.ActiveCfg = Debug|Any CPU
		{9A1F36C4-2FAC-486B-B960-B2222BC768AA}.Debug|Any CPU.Build.0 = Debug|Any CPU
		{9A1F36C4-2FAC-486B-B960-B2222BC768AA}.Release|Any CPU.ActiveCfg = Release|Any CPU
		{9A1F36C4-2FAC-486B-B960-B2222BC768AA}.Release|Any CPU.Build.0 = Release|Any CPU
		{1C06383C-A0E1-440E-8D9C-C594BF66FB4C}.Debug|Any CPU.ActiveCfg = Debug|Any CPU
		{1C06383C-A0E1-440E-8D9C-C594BF66FB4C}.Debug|Any CPU.Build.0 = Debug|Any CPU
		{1C06383C-A0E1-440E-8D9C-C594BF66FB4C}.Release|Any CPU.ActiveCfg = Release|Any CPU
		{1C06383C-A0E1-440E-8D9C-C594BF66FB4C}.Release|Any CPU.Build.0 = Release|Any CPU
		{4A0DFD24-32BF-4D72-96DA-FD1D50EE9959}.Debug|Any CPU.ActiveCfg = Debug|Any CPU
		{4A0DFD24-32BF-4D72-96DA-FD1D50EE9959}.Debug|Any CPU.Build.0 = Debug|Any CPU
		{4A0DFD24-32BF-4D72-96DA-FD1D50EE9959}.Release|Any CPU.ActiveCfg = Release|Any CPU
		{4A0DFD24-32BF-4D72-96DA-FD1D50EE9959}.Release|Any CPU.Build.0 = Release|Any CPU
		{9C36535F-3276-439F-84CE-D133C03A5AFC}.Debug|Any CPU.ActiveCfg = Debug|Any CPU
		{9C36535F-3276-439F-84CE-D133C03A5AFC}.Debug|Any CPU.Build.0 = Debug|Any CPU
		{9C36535F-3276-439F-84CE-D133C03A5AFC}.Release|Any CPU.ActiveCfg = Release|Any CPU
		{9C36535F-3276-439F-84CE-D133C03A5AFC}.Release|Any CPU.Build.0 = Release|Any CPU
		{08326591-7F9B-45D8-8B28-64497B09A9A3}.Debug|Any CPU.ActiveCfg = Debug|Any CPU
		{08326591-7F9B-45D8-8B28-64497B09A9A3}.Debug|Any CPU.Build.0 = Debug|Any CPU
		{08326591-7F9B-45D8-8B28-64497B09A9A3}.Release|Any CPU.ActiveCfg = Release|Any CPU
		{08326591-7F9B-45D8-8B28-64497B09A9A3}.Release|Any CPU.Build.0 = Release|Any CPU
		{77DA1B1D-1E8A-428C-9FB2-23E646AFAAD9}.Debug|Any CPU.ActiveCfg = Debug|Any CPU
		{77DA1B1D-1E8A-428C-9FB2-23E646AFAAD9}.Debug|Any CPU.Build.0 = Debug|Any CPU
		{77DA1B1D-1E8A-428C-9FB2-23E646AFAAD9}.Release|Any CPU.ActiveCfg = Release|Any CPU
		{77DA1B1D-1E8A-428C-9FB2-23E646AFAAD9}.Release|Any CPU.Build.0 = Release|Any CPU
		{E5DD8B12-E079-4645-BD05-0576B168C65A}.Debug|Any CPU.ActiveCfg = Debug|Any CPU
		{E5DD8B12-E079-4645-BD05-0576B168C65A}.Debug|Any CPU.Build.0 = Debug|Any CPU
		{E5DD8B12-E079-4645-BD05-0576B168C65A}.Release|Any CPU.ActiveCfg = Release|Any CPU
		{E5DD8B12-E079-4645-BD05-0576B168C65A}.Release|Any CPU.Build.0 = Release|Any CPU
		{9235964E-C6A8-4ACE-9876-6E3B752A673E}.Debug|Any CPU.ActiveCfg = Debug|Any CPU
		{9235964E-C6A8-4ACE-9876-6E3B752A673E}.Debug|Any CPU.Build.0 = Debug|Any CPU
		{9235964E-C6A8-4ACE-9876-6E3B752A673E}.Release|Any CPU.ActiveCfg = Release|Any CPU
		{9235964E-C6A8-4ACE-9876-6E3B752A673E}.Release|Any CPU.Build.0 = Release|Any CPU
		{7A5B6269-DE3B-4B00-95AD-82995FB0BFEA}.Debug|Any CPU.ActiveCfg = Debug|Any CPU
		{7A5B6269-DE3B-4B00-95AD-82995FB0BFEA}.Debug|Any CPU.Build.0 = Debug|Any CPU
		{7A5B6269-DE3B-4B00-95AD-82995FB0BFEA}.Release|Any CPU.ActiveCfg = Release|Any CPU
		{7A5B6269-DE3B-4B00-95AD-82995FB0BFEA}.Release|Any CPU.Build.0 = Release|Any CPU
		{7CABED69-019D-4EE0-89F9-771EBE459101}.Debug|Any CPU.ActiveCfg = Debug|Any CPU
		{7CABED69-019D-4EE0-89F9-771EBE459101}.Debug|Any CPU.Build.0 = Debug|Any CPU
		{7CABED69-019D-4EE0-89F9-771EBE459101}.Release|Any CPU.ActiveCfg = Release|Any CPU
		{7CABED69-019D-4EE0-89F9-771EBE459101}.Release|Any CPU.Build.0 = Release|Any CPU
		{1C0FCA87-15FA-4081-BC61-1603E11DE742}.Debug|Any CPU.ActiveCfg = Debug|Any CPU
		{1C0FCA87-15FA-4081-BC61-1603E11DE742}.Debug|Any CPU.Build.0 = Debug|Any CPU
		{1C0FCA87-15FA-4081-BC61-1603E11DE742}.Release|Any CPU.ActiveCfg = Release|Any CPU
		{1C0FCA87-15FA-4081-BC61-1603E11DE742}.Release|Any CPU.Build.0 = Release|Any CPU
		{B2015CA5-166B-422D-BC02-7E689EA74FBE}.Debug|Any CPU.ActiveCfg = Debug|Any CPU
		{B2015CA5-166B-422D-BC02-7E689EA74FBE}.Debug|Any CPU.Build.0 = Debug|Any CPU
		{B2015CA5-166B-422D-BC02-7E689EA74FBE}.Release|Any CPU.ActiveCfg = Release|Any CPU
		{B2015CA5-166B-422D-BC02-7E689EA74FBE}.Release|Any CPU.Build.0 = Release|Any CPU
		{F35C7B46-44E8-4DBA-9B00-CA39F9052011}.Debug|Any CPU.ActiveCfg = Debug|Any CPU
		{F35C7B46-44E8-4DBA-9B00-CA39F9052011}.Debug|Any CPU.Build.0 = Debug|Any CPU
		{F35C7B46-44E8-4DBA-9B00-CA39F9052011}.Release|Any CPU.ActiveCfg = Release|Any CPU
		{F35C7B46-44E8-4DBA-9B00-CA39F9052011}.Release|Any CPU.Build.0 = Release|Any CPU
		{9415F04F-9559-4077-AE64-7B51DAA31082}.Debug|Any CPU.ActiveCfg = Debug|Any CPU
		{9415F04F-9559-4077-AE64-7B51DAA31082}.Debug|Any CPU.Build.0 = Debug|Any CPU
		{9415F04F-9559-4077-AE64-7B51DAA31082}.Release|Any CPU.ActiveCfg = Release|Any CPU
		{9415F04F-9559-4077-AE64-7B51DAA31082}.Release|Any CPU.Build.0 = Release|Any CPU
		{A0649589-9A4B-4403-9D55-D1ABF71AEFF2}.Debug|Any CPU.ActiveCfg = Debug|Any CPU
		{A0649589-9A4B-4403-9D55-D1ABF71AEFF2}.Debug|Any CPU.Build.0 = Debug|Any CPU
		{A0649589-9A4B-4403-9D55-D1ABF71AEFF2}.Release|Any CPU.ActiveCfg = Release|Any CPU
		{A0649589-9A4B-4403-9D55-D1ABF71AEFF2}.Release|Any CPU.Build.0 = Release|Any CPU
		{5FE2F18F-7981-44AB-8238-13C3E61658D5}.Debug|Any CPU.ActiveCfg = Debug|Any CPU
		{5FE2F18F-7981-44AB-8238-13C3E61658D5}.Debug|Any CPU.Build.0 = Debug|Any CPU
		{5FE2F18F-7981-44AB-8238-13C3E61658D5}.Release|Any CPU.ActiveCfg = Release|Any CPU
		{5FE2F18F-7981-44AB-8238-13C3E61658D5}.Release|Any CPU.Build.0 = Release|Any CPU
		{7D97FF22-09BA-473C-A8B1-5DF8743C84A7}.Debug|Any CPU.ActiveCfg = Debug|Any CPU
		{7D97FF22-09BA-473C-A8B1-5DF8743C84A7}.Debug|Any CPU.Build.0 = Debug|Any CPU
		{7D97FF22-09BA-473C-A8B1-5DF8743C84A7}.Release|Any CPU.ActiveCfg = Release|Any CPU
		{7D97FF22-09BA-473C-A8B1-5DF8743C84A7}.Release|Any CPU.Build.0 = Release|Any CPU
		{53DF8D4C-70A4-4F64-A941-6805A342C613}.Debug|Any CPU.ActiveCfg = Debug|Any CPU
		{53DF8D4C-70A4-4F64-A941-6805A342C613}.Debug|Any CPU.Build.0 = Debug|Any CPU
		{53DF8D4C-70A4-4F64-A941-6805A342C613}.Release|Any CPU.ActiveCfg = Release|Any CPU
		{53DF8D4C-70A4-4F64-A941-6805A342C613}.Release|Any CPU.Build.0 = Release|Any CPU
		{E76CF3F3-0262-480D-B519-C1D5FC706876}.Debug|Any CPU.ActiveCfg = Debug|Any CPU
		{E76CF3F3-0262-480D-B519-C1D5FC706876}.Debug|Any CPU.Build.0 = Debug|Any CPU
		{E76CF3F3-0262-480D-B519-C1D5FC706876}.Release|Any CPU.ActiveCfg = Release|Any CPU
		{E76CF3F3-0262-480D-B519-C1D5FC706876}.Release|Any CPU.Build.0 = Release|Any CPU
		{3CBAB2F5-87A8-4301-872D-08933C753F7C}.Debug|Any CPU.ActiveCfg = Debug|Any CPU
		{3CBAB2F5-87A8-4301-872D-08933C753F7C}.Debug|Any CPU.Build.0 = Debug|Any CPU
		{3CBAB2F5-87A8-4301-872D-08933C753F7C}.Release|Any CPU.ActiveCfg = Release|Any CPU
		{3CBAB2F5-87A8-4301-872D-08933C753F7C}.Release|Any CPU.Build.0 = Release|Any CPU
		{27B5A2ED-7470-401C-B88F-8FDCAE47A437}.Debug|Any CPU.ActiveCfg = Debug|Any CPU
		{27B5A2ED-7470-401C-B88F-8FDCAE47A437}.Debug|Any CPU.Build.0 = Debug|Any CPU
		{27B5A2ED-7470-401C-B88F-8FDCAE47A437}.Release|Any CPU.ActiveCfg = Release|Any CPU
		{27B5A2ED-7470-401C-B88F-8FDCAE47A437}.Release|Any CPU.Build.0 = Release|Any CPU
		{C44CA620-AB50-4042-A652-0EA66CDA2307}.Debug|Any CPU.ActiveCfg = Debug|Any CPU
		{C44CA620-AB50-4042-A652-0EA66CDA2307}.Debug|Any CPU.Build.0 = Debug|Any CPU
		{C44CA620-AB50-4042-A652-0EA66CDA2307}.Release|Any CPU.ActiveCfg = Release|Any CPU
		{C44CA620-AB50-4042-A652-0EA66CDA2307}.Release|Any CPU.Build.0 = Release|Any CPU
		{2800F0AB-EB01-4D19-9381-DF5EE2D482EA}.Debug|Any CPU.ActiveCfg = Debug|Any CPU
		{2800F0AB-EB01-4D19-9381-DF5EE2D482EA}.Debug|Any CPU.Build.0 = Debug|Any CPU
		{2800F0AB-EB01-4D19-9381-DF5EE2D482EA}.Release|Any CPU.ActiveCfg = Release|Any CPU
		{2800F0AB-EB01-4D19-9381-DF5EE2D482EA}.Release|Any CPU.Build.0 = Release|Any CPU
		{55793549-B048-48C6-9E44-13622CEC0925}.Debug|Any CPU.ActiveCfg = Debug|Any CPU
		{55793549-B048-48C6-9E44-13622CEC0925}.Debug|Any CPU.Build.0 = Debug|Any CPU
		{55793549-B048-48C6-9E44-13622CEC0925}.Release|Any CPU.ActiveCfg = Release|Any CPU
		{55793549-B048-48C6-9E44-13622CEC0925}.Release|Any CPU.Build.0 = Release|Any CPU
		{E30878BD-7F7D-4CD1-AAE8-725AD5A6F6B7}.Debug|Any CPU.ActiveCfg = Debug|Any CPU
		{E30878BD-7F7D-4CD1-AAE8-725AD5A6F6B7}.Debug|Any CPU.Build.0 = Debug|Any CPU
		{E30878BD-7F7D-4CD1-AAE8-725AD5A6F6B7}.Release|Any CPU.ActiveCfg = Release|Any CPU
		{E30878BD-7F7D-4CD1-AAE8-725AD5A6F6B7}.Release|Any CPU.Build.0 = Release|Any CPU
		{CFFF2B44-19CB-4871-BF92-787715FE6954}.Debug|Any CPU.ActiveCfg = Debug|Any CPU
		{CFFF2B44-19CB-4871-BF92-787715FE6954}.Debug|Any CPU.Build.0 = Debug|Any CPU
		{CFFF2B44-19CB-4871-BF92-787715FE6954}.Release|Any CPU.ActiveCfg = Release|Any CPU
		{CFFF2B44-19CB-4871-BF92-787715FE6954}.Release|Any CPU.Build.0 = Release|Any CPU
		{8F2EEDAA-F361-4ACB-B2D6-3C593F3BDA88}.Debug|Any CPU.ActiveCfg = Debug|Any CPU
		{8F2EEDAA-F361-4ACB-B2D6-3C593F3BDA88}.Debug|Any CPU.Build.0 = Debug|Any CPU
		{8F2EEDAA-F361-4ACB-B2D6-3C593F3BDA88}.Release|Any CPU.ActiveCfg = Release|Any CPU
		{8F2EEDAA-F361-4ACB-B2D6-3C593F3BDA88}.Release|Any CPU.Build.0 = Release|Any CPU
		{A3E0748E-3898-43A7-ABB7-DCD01AB724E9}.Debug|Any CPU.ActiveCfg = Debug|Any CPU
		{A3E0748E-3898-43A7-ABB7-DCD01AB724E9}.Debug|Any CPU.Build.0 = Debug|Any CPU
		{A3E0748E-3898-43A7-ABB7-DCD01AB724E9}.Release|Any CPU.ActiveCfg = Release|Any CPU
		{A3E0748E-3898-43A7-ABB7-DCD01AB724E9}.Release|Any CPU.Build.0 = Release|Any CPU
		{7E7CE3B8-7D79-4FA8-8A55-8D21FABFB4F8}.Debug|Any CPU.ActiveCfg = Debug|Any CPU
		{7E7CE3B8-7D79-4FA8-8A55-8D21FABFB4F8}.Debug|Any CPU.Build.0 = Debug|Any CPU
		{7E7CE3B8-7D79-4FA8-8A55-8D21FABFB4F8}.Release|Any CPU.ActiveCfg = Release|Any CPU
		{7E7CE3B8-7D79-4FA8-8A55-8D21FABFB4F8}.Release|Any CPU.Build.0 = Release|Any CPU
		{B05CEDAB-5598-4081-9F70-C58C8B9E66B6}.Debug|Any CPU.ActiveCfg = Debug|Any CPU
		{B05CEDAB-5598-4081-9F70-C58C8B9E66B6}.Debug|Any CPU.Build.0 = Debug|Any CPU
		{B05CEDAB-5598-4081-9F70-C58C8B9E66B6}.Release|Any CPU.ActiveCfg = Release|Any CPU
		{B05CEDAB-5598-4081-9F70-C58C8B9E66B6}.Release|Any CPU.Build.0 = Release|Any CPU
		{2710DF41-AC4A-4D73-A037-4D39A67B6DA8}.Debug|Any CPU.ActiveCfg = Debug|Any CPU
		{2710DF41-AC4A-4D73-A037-4D39A67B6DA8}.Debug|Any CPU.Build.0 = Debug|Any CPU
		{2710DF41-AC4A-4D73-A037-4D39A67B6DA8}.Release|Any CPU.ActiveCfg = Release|Any CPU
		{2710DF41-AC4A-4D73-A037-4D39A67B6DA8}.Release|Any CPU.Build.0 = Release|Any CPU
		{C337D16A-DAD9-4267-A85B-DF9BA94E3FF0}.Debug|Any CPU.ActiveCfg = Debug|Any CPU
		{C337D16A-DAD9-4267-A85B-DF9BA94E3FF0}.Debug|Any CPU.Build.0 = Debug|Any CPU
		{C337D16A-DAD9-4267-A85B-DF9BA94E3FF0}.Release|Any CPU.ActiveCfg = Release|Any CPU
		{C337D16A-DAD9-4267-A85B-DF9BA94E3FF0}.Release|Any CPU.Build.0 = Release|Any CPU
		{83C51BF1-9329-4729-9570-42807CAD0DC4}.Debug|Any CPU.ActiveCfg = Debug|Any CPU
		{83C51BF1-9329-4729-9570-42807CAD0DC4}.Debug|Any CPU.Build.0 = Debug|Any CPU
		{83C51BF1-9329-4729-9570-42807CAD0DC4}.Release|Any CPU.ActiveCfg = Release|Any CPU
		{83C51BF1-9329-4729-9570-42807CAD0DC4}.Release|Any CPU.Build.0 = Release|Any CPU
	EndGlobalSection
	GlobalSection(NestedProjects) = preSolution
		{8D40494B-5D6A-43D4-A75B-3D0684C6BF3F} = {52753949-5F2E-4B6E-8F84-92972542265A}
		{51102458-C6E6-40AC-8D70-DFC546708A78} = {8D40494B-5D6A-43D4-A75B-3D0684C6BF3F}
		{50C9A397-E4C8-4896-A46F-457286F8A7BF} = {51102458-C6E6-40AC-8D70-DFC546708A78}
		{83290F01-93DE-4A77-A49E-F8AB7CC6B80E} = {50C9A397-E4C8-4896-A46F-457286F8A7BF}
		{4DA9D936-1246-4C55-AF2B-3C0D4000C9C3} = {51102458-C6E6-40AC-8D70-DFC546708A78}
		{82B9AD94-3A03-4ECD-B991-C00A4F73D084} = {4DA9D936-1246-4C55-AF2B-3C0D4000C9C3}
		{3EAF23F3-058F-4665-AA30-46641B8CAFF3} = {51102458-C6E6-40AC-8D70-DFC546708A78}
		{00B5753F-7BF2-4453-A96B-40D2E26D6D7F} = {3EAF23F3-058F-4665-AA30-46641B8CAFF3}
		{4648FDEB-1532-43E2-83F4-06BD09A02BB0} = {51102458-C6E6-40AC-8D70-DFC546708A78}
		{244E69AC-AD48-4FA8-AAC9-289CBD5E6BE0} = {4648FDEB-1532-43E2-83F4-06BD09A02BB0}
		{963494FF-B2A1-443F-BB6D-605CF689F18B} = {8D40494B-5D6A-43D4-A75B-3D0684C6BF3F}
		{1C166A38-30B2-4656-B6B4-8AFF158F5A17} = {963494FF-B2A1-443F-BB6D-605CF689F18B}
		{C1B9CDC2-E1E5-4C1C-B748-3BA9DEAD79D1} = {1C166A38-30B2-4656-B6B4-8AFF158F5A17}
		{7A2276FD-1E16-4832-8302-544A68E35AB7} = {963494FF-B2A1-443F-BB6D-605CF689F18B}
		{18031001-F8C4-496A-8B59-A0CE7832394D} = {7A2276FD-1E16-4832-8302-544A68E35AB7}
		{ECC1A47A-326F-4A80-BA1A-3E3CA4B2AAC8} = {963494FF-B2A1-443F-BB6D-605CF689F18B}
		{37A21F79-DC63-413F-8D97-6B5C560AC615} = {ECC1A47A-326F-4A80-BA1A-3E3CA4B2AAC8}
		{5C48D395-F90D-4364-9206-05898E1E2314} = {963494FF-B2A1-443F-BB6D-605CF689F18B}
		{22A122C5-FB0D-4E46-A756-9B9B053BF7B9} = {5C48D395-F90D-4364-9206-05898E1E2314}
		{2D8FF747-3953-4D4A-B48D-008CF3A43C0D} = {8D40494B-5D6A-43D4-A75B-3D0684C6BF3F}
		{3A5B89ED-0D7E-4E33-9845-B655D7D5DDB6} = {2D8FF747-3953-4D4A-B48D-008CF3A43C0D}
		{14961777-55A7-4E7D-B413-82F4F1F92D35} = {3A5B89ED-0D7E-4E33-9845-B655D7D5DDB6}
		{0C5B6547-02F1-471A-B30A-A1C285FB18AF} = {2D8FF747-3953-4D4A-B48D-008CF3A43C0D}
		{328376FA-774E-468F-ADF1-05B69B1EE3C7} = {0C5B6547-02F1-471A-B30A-A1C285FB18AF}
		{871AD3E1-CA64-4B18-8B24-3C160345CFB6} = {2D8FF747-3953-4D4A-B48D-008CF3A43C0D}
		{67AB204A-C951-4672-9D4E-430079636875} = {871AD3E1-CA64-4B18-8B24-3C160345CFB6}
		{362DA3E3-4EBC-44E4-A653-755A47280AD4} = {2D8FF747-3953-4D4A-B48D-008CF3A43C0D}
		{B83157FE-C153-4DFA-9872-61A077731A32} = {362DA3E3-4EBC-44E4-A653-755A47280AD4}
		{828AF0D9-31C6-459C-8142-D5FE08E2321F} = {8D40494B-5D6A-43D4-A75B-3D0684C6BF3F}
		{9A1F36C4-2FAC-486B-B960-B2222BC768AA} = {828AF0D9-31C6-459C-8142-D5FE08E2321F}
		{1C06383C-A0E1-440E-8D9C-C594BF66FB4C} = {828AF0D9-31C6-459C-8142-D5FE08E2321F}
		{4A0DFD24-32BF-4D72-96DA-FD1D50EE9959} = {828AF0D9-31C6-459C-8142-D5FE08E2321F}
		{9C36535F-3276-439F-84CE-D133C03A5AFC} = {828AF0D9-31C6-459C-8142-D5FE08E2321F}
		{32C63C52-BC36-46E0-A8E3-72A743773A5D} = {8D40494B-5D6A-43D4-A75B-3D0684C6BF3F}
		{08326591-7F9B-45D8-8B28-64497B09A9A3} = {32C63C52-BC36-46E0-A8E3-72A743773A5D}
		{77DA1B1D-1E8A-428C-9FB2-23E646AFAAD9} = {32C63C52-BC36-46E0-A8E3-72A743773A5D}
		{E5DD8B12-E079-4645-BD05-0576B168C65A} = {32C63C52-BC36-46E0-A8E3-72A743773A5D}
		{9235964E-C6A8-4ACE-9876-6E3B752A673E} = {32C63C52-BC36-46E0-A8E3-72A743773A5D}
		{91F12A52-1499-4677-8410-A298CA5AB343} = {8D40494B-5D6A-43D4-A75B-3D0684C6BF3F}
		{7A5B6269-DE3B-4B00-95AD-82995FB0BFEA} = {91F12A52-1499-4677-8410-A298CA5AB343}
		{7CABED69-019D-4EE0-89F9-771EBE459101} = {91F12A52-1499-4677-8410-A298CA5AB343}
		{1C0FCA87-15FA-4081-BC61-1603E11DE742} = {91F12A52-1499-4677-8410-A298CA5AB343}
		{B2015CA5-166B-422D-BC02-7E689EA74FBE} = {91F12A52-1499-4677-8410-A298CA5AB343}
		{24B11234-5AF1-41F3-B0D6-B1011E2A8326} = {8D40494B-5D6A-43D4-A75B-3D0684C6BF3F}
		{F35C7B46-44E8-4DBA-9B00-CA39F9052011} = {24B11234-5AF1-41F3-B0D6-B1011E2A8326}
		{9415F04F-9559-4077-AE64-7B51DAA31082} = {24B11234-5AF1-41F3-B0D6-B1011E2A8326}
		{A0649589-9A4B-4403-9D55-D1ABF71AEFF2} = {24B11234-5AF1-41F3-B0D6-B1011E2A8326}
		{5FE2F18F-7981-44AB-8238-13C3E61658D5} = {24B11234-5AF1-41F3-B0D6-B1011E2A8326}
		{693473CE-6A03-415C-936F-0C3F4A7D44A5} = {8D40494B-5D6A-43D4-A75B-3D0684C6BF3F}
		{7D97FF22-09BA-473C-A8B1-5DF8743C84A7} = {693473CE-6A03-415C-936F-0C3F4A7D44A5}
		{53DF8D4C-70A4-4F64-A941-6805A342C613} = {693473CE-6A03-415C-936F-0C3F4A7D44A5}
		{E76CF3F3-0262-480D-B519-C1D5FC706876} = {693473CE-6A03-415C-936F-0C3F4A7D44A5}
		{3CBAB2F5-87A8-4301-872D-08933C753F7C} = {693473CE-6A03-415C-936F-0C3F4A7D44A5}
		{DA4D3F00-5AEA-48F6-A77F-2959DE972091} = {8D40494B-5D6A-43D4-A75B-3D0684C6BF3F}
		{27B5A2ED-7470-401C-B88F-8FDCAE47A437} = {DA4D3F00-5AEA-48F6-A77F-2959DE972091}
		{C44CA620-AB50-4042-A652-0EA66CDA2307} = {DA4D3F00-5AEA-48F6-A77F-2959DE972091}
		{2800F0AB-EB01-4D19-9381-DF5EE2D482EA} = {DA4D3F00-5AEA-48F6-A77F-2959DE972091}
		{55793549-B048-48C6-9E44-13622CEC0925} = {DA4D3F00-5AEA-48F6-A77F-2959DE972091}
		{DC0F70B1-0499-46FA-99D0-D46E402ECE65} = {8D40494B-5D6A-43D4-A75B-3D0684C6BF3F}
		{E30878BD-7F7D-4CD1-AAE8-725AD5A6F6B7} = {DC0F70B1-0499-46FA-99D0-D46E402ECE65}
		{CFFF2B44-19CB-4871-BF92-787715FE6954} = {DC0F70B1-0499-46FA-99D0-D46E402ECE65}
		{8F2EEDAA-F361-4ACB-B2D6-3C593F3BDA88} = {DC0F70B1-0499-46FA-99D0-D46E402ECE65}
		{A3E0748E-3898-43A7-ABB7-DCD01AB724E9} = {DC0F70B1-0499-46FA-99D0-D46E402ECE65}
		{70868198-E145-49A1-8F54-5387D695A22F} = {52753949-5F2E-4B6E-8F84-92972542265A}
		{7E7CE3B8-7D79-4FA8-8A55-8D21FABFB4F8} = {70868198-E145-49A1-8F54-5387D695A22F}
		{0FEF363E-106D-4EAF-8181-D50F3A226E46} = {8D40494B-5D6A-43D4-A75B-3D0684C6BF3F}
		{B05CEDAB-5598-4081-9F70-C58C8B9E66B6} = {0FEF363E-106D-4EAF-8181-D50F3A226E46}
		{2710DF41-AC4A-4D73-A037-4D39A67B6DA8} = {0FEF363E-106D-4EAF-8181-D50F3A226E46}
		{C337D16A-DAD9-4267-A85B-DF9BA94E3FF0} = {0FEF363E-106D-4EAF-8181-D50F3A226E46}
		{83C51BF1-9329-4729-9570-42807CAD0DC4} = {0FEF363E-106D-4EAF-8181-D50F3A226E46}
	EndGlobalSection
EndGlobal
