Microsoft Visual Studio Solution File, Format Version 12.00
# Visual Studio Version 17
VisualStudioVersion = 17.0.31912.275
MinimumVisualStudioVersion = 10.0.40219.1
Project("{FAE04EC0-301F-11D3-BF4B-00C04F79EFBC}") = "Ev.Auth.Api", "Api\Ev.Auth.Api\Ev.Auth.Api.csproj", "{37D79A10-9D88-4800-BA4D-B766278A278F}"
EndProject
Project("{FAE04EC0-301F-11D3-BF4B-00C04F79EFBC}") = "Ev.Auth.Application", "Application\Ev.Auth.Application\Ev.Auth.Application.csproj", "{5EDB9E1D-3F49-45F9-82E7-3C456441F524}"
EndProject
Project("{FAE04EC0-301F-11D3-BF4B-00C04F79EFBC}") = "Ev.Auth.Domain", "Domain\Ev.Auth.Domain\Ev.Auth.Domain.csproj", "{14E6E74B-1515-4400-9276-20491C359D98}"
EndProject
Project("{FAE04EC0-301F-11D3-BF4B-00C04F79EFBC}") = "Ev.Auth.Infrastructure", "Infrastructure\Ev.Auth.Infrastructure\Ev.Auth.Infrastructure.csproj", "{CABF481A-7D33-44A5-8086-E463363AE2DC}"
EndProject
Global
	GlobalSection(SolutionConfigurationPlatforms) = preSolution
		Debug|Any CPU = Debug|Any CPU
		Release|Any CPU = Release|Any CPU
	EndGlobalSection
	GlobalSection(ProjectConfigurationPlatforms) = postSolution
		{37D79A10-9D88-4800-BA4D-B766278A278F}.Debug|Any CPU.ActiveCfg = Debug|Any CPU
		{37D79A10-9D88-4800-BA4D-B766278A278F}.Debug|Any CPU.Build.0 = Debug|Any CPU
		{37D79A10-9D88-4800-BA4D-B766278A278F}.Release|Any CPU.ActiveCfg = Release|Any CPU
		{37D79A10-9D88-4800-BA4D-B766278A278F}.Release|Any CPU.Build.0 = Release|Any CPU
		{5EDB9E1D-3F49-45F9-82E7-3C456441F524}.Debug|Any CPU.ActiveCfg = Debug|Any CPU
		{5EDB9E1D-3F49-45F9-82E7-3C456441F524}.Debug|Any CPU.Build.0 = Debug|Any CPU
		{5EDB9E1D-3F49-45F9-82E7-3C456441F524}.Release|Any CPU.ActiveCfg = Release|Any CPU
		{5EDB9E1D-3F49-45F9-82E7-3C456441F524}.Release|Any CPU.Build.0 = Release|Any CPU
		{14E6E74B-1515-4400-9276-20491C359D98}.Debug|Any CPU.ActiveCfg = Debug|Any CPU
		{14E6E74B-1515-4400-9276-20491C359D98}.Debug|Any CPU.Build.0 = Debug|Any CPU
		{14E6E74B-1515-4400-9276-20491C359D98}.Release|Any CPU.ActiveCfg = Release|Any CPU
		{14E6E74B-1515-4400-9276-20491C359D98}.Release|Any CPU.Build.0 = Release|Any CPU
		{CABF481A-7D33-44A5-8086-E463363AE2DC}.Debug|Any CPU.ActiveCfg = Debug|Any CPU
		{CABF481A-7D33-44A5-8086-E463363AE2DC}.Debug|Any CPU.Build.0 = Debug|Any CPU
		{CABF481A-7D33-44A5-8086-E463363AE2DC}.Release|Any CPU.ActiveCfg = Release|Any CPU
		{CABF481A-7D33-44A5-8086-E463363AE2DC}.Release|Any CPU.Build.0 = Release|Any CPU
	EndGlobalSection
	GlobalSection(SolutionProperties) = preSolution
		HideSolutionNode = FALSE
	EndGlobalSection
EndGlobal
