Microsoft Visual Studio Solution File, Format Version 12.00
# Visual Studio Version 17
VisualStudioVersion = 17.0.31912.275
MinimumVisualStudioVersion = 10.0.40219.1
Project("{FAE04EC0-301F-11D3-BF4B-00C04F79EFBC}") = "Ev.Reporting.Api", "Api\Ev.Reporting.Api.csproj", "{581D3395-E76F-4270-A4BD-DBA0F4685BE7}"
EndProject
Project("{FAE04EC0-301F-11D3-BF4B-00C04F79EFBC}") = "Ev.Reporting.Application", "Application\Ev.Reporting.Application.csproj", "{B364B94D-C5A2-4900-B3BC-3FE6BB29B07A}"
EndProject
Project("{FAE04EC0-301F-11D3-BF4B-00C04F79EFBC}") = "Ev.Reporting.Domain", "Domain\Ev.Reporting.Domain.csproj", "{7CA1ADF6-3A9D-4D67-9C4C-7E0057786393}"
EndProject
Project("{FAE04EC0-301F-11D3-BF4B-00C04F79EFBC}") = "Ev.Reporting.Infrastructure", "Infrastructure\Ev.Reporting.Infrastructure.csproj", "{46B93B20-409D-4B47-BDBC-F29DEF30B27A}"
EndProject
Global
	GlobalSection(SolutionConfigurationPlatforms) = preSolution
		Debug|Any CPU = Debug|Any CPU
		Release|Any CPU = Release|Any CPU
	EndGlobalSection
	GlobalSection(ProjectConfigurationPlatforms) = postSolution
		{581D3395-E76F-4270-A4BD-DBA0F4685BE7}.Debug|Any CPU.ActiveCfg = Debug|Any CPU
		{581D3395-E76F-4270-A4BD-DBA0F4685BE7}.Debug|Any CPU.Build.0 = Debug|Any CPU
		{581D3395-E76F-4270-A4BD-DBA0F4685BE7}.Release|Any CPU.ActiveCfg = Release|Any CPU
		{581D3395-E76F-4270-A4BD-DBA0F4685BE7}.Release|Any CPU.Build.0 = Release|Any CPU
		{B364B94D-C5A2-4900-B3BC-3FE6BB29B07A}.Debug|Any CPU.ActiveCfg = Debug|Any CPU
		{B364B94D-C5A2-4900-B3BC-3FE6BB29B07A}.Debug|Any CPU.Build.0 = Debug|Any CPU
		{B364B94D-C5A2-4900-B3BC-3FE6BB29B07A}.Release|Any CPU.ActiveCfg = Release|Any CPU
		{B364B94D-C5A2-4900-B3BC-3FE6BB29B07A}.Release|Any CPU.Build.0 = Release|Any CPU
		{7CA1ADF6-3A9D-4D67-9C4C-7E0057786393}.Debug|Any CPU.ActiveCfg = Debug|Any CPU
		{7CA1ADF6-3A9D-4D67-9C4C-7E0057786393}.Debug|Any CPU.Build.0 = Debug|Any CPU
		{7CA1ADF6-3A9D-4D67-9C4C-7E0057786393}.Release|Any CPU.ActiveCfg = Release|Any CPU
		{7CA1ADF6-3A9D-4D67-9C4C-7E0057786393}.Release|Any CPU.Build.0 = Release|Any CPU
		{46B93B20-409D-4B47-BDBC-F29DEF30B27A}.Debug|Any CPU.ActiveCfg = Debug|Any CPU
		{46B93B20-409D-4B47-BDBC-F29DEF30B27A}.Debug|Any CPU.Build.0 = Debug|Any CPU
		{46B93B20-409D-4B47-BDBC-F29DEF30B27A}.Release|Any CPU.ActiveCfg = Release|Any CPU
		{46B93B20-409D-4B47-BDBC-F29DEF30B27A}.Release|Any CPU.Build.0 = Release|Any CPU
	EndGlobalSection
	GlobalSection(SolutionProperties) = preSolution
		HideSolutionNode = FALSE
	EndGlobalSection
EndGlobal
